{
  "name": "love_front",
  "version": "1.0.0",
  "lockfileVersion": 2,
  "requires": true,
  "packages": {
    "": {
      "version": "1.0.0",
      "license": "ISC",
      "dependencies": {
        "js-base64": "^3.7.2",
        "mobx-miniprogram": "^4.13.2",
        "mobx-miniprogram-bindings": "^2.1.4",
        "tim-upload-plugin": "^1.0.3",
        "tim-wx-sdk": "^2.15.0"
      }
    },
    "node_modules/@types/wechat-miniprogram": {
      "version": "3.4.0",
      "resolved": "https://registry.npmjs.org/@types/wechat-miniprogram/-/wechat-miniprogram-3.4.0.tgz",
      "integrity": "sha512-7d7KDwoV42/ANx/0C8C4ctBv1q9XnXYD4Fz0C+3ii0Tm+HRIwwDcinv8S88Ut/Y80czlI0shGpTgLFe0GbrXWQ=="
    },
    "node_modules/js-base64": {
      "version": "3.7.2",
      "resolved": "https://registry.npmjs.org/js-base64/-/js-base64-3.7.2.tgz",
      "integrity": "sha512-NnRs6dsyqUXejqk/yv2aiXlAvOs56sLkX6nUdeaNezI5LFFLlsZjOThmwnrcwh5ZZRwZlCMnVAY3CvhIhoVEKQ=="
    },
    "node_modules/mobx-miniprogram": {
      "version": "4.13.2",
      "resolved": "https://registry.npmjs.org/mobx-miniprogram/-/mobx-miniprogram-4.13.2.tgz",
      "integrity": "sha512-C3HtkqHCLKp35N2gXA80yFD6PNfSqwioPFmnjTQpBLrEqYm1F6yiWZ57CW+8FqgmR306mw6ZfsM5q7hSTHw8BQ=="
    },
    "node_modules/mobx-miniprogram-bindings": {
      "version": "2.1.4",
      "resolved": "https://registry.npmjs.org/mobx-miniprogram-bindings/-/mobx-miniprogram-bindings-2.1.4.tgz",
      "integrity": "sha512-MX+lK5dvorAH5xTT8R+aKw2TOEGLj3nWAeAL1vTz8j5S64ARqqm3rpm2ESPbjsRSEB7FdqOMa0/6+gQ/juVn0Q==",
      "dependencies": {
        "@types/wechat-miniprogram": "^3.4.0"
      },
      "peerDependencies": {
        "mobx-miniprogram": "^4.0.0"
      }
    },
    "node_modules/tim-upload-plugin": {
      "version": "1.0.3",
      "resolved": "https://registry.npmjs.org/tim-upload-plugin/-/tim-upload-plugin-1.0.3.tgz",
      "integrity": "sha512-cbPhPKI5Q+VP4R8dAlNo0H/KE/zZ89y91Jqz8eIRxNfg2tfGjfNjWilGhlt4eik9R5Dw2Vmc5QyiNKZ6z0r/Fw==",
      "license": "ISC"
    },
    "node_modules/tim-wx-sdk": {
      "version": "2.15.0",
      "resolved": "https://registry.npmjs.org/tim-wx-sdk/-/tim-wx-sdk-2.15.0.tgz",
      "integrity": "sha512-XVLQ+QtvL41y1ppw6bOseYLYUG4e+l7VmAFx+TTsXomSTHiHyWBipUhd8VsI8E0kTy20IIBCMeWkw0ziVD6kEA==",
      "license": "ISC"
    }
  },
  "dependencies": {
    "@types/wechat-miniprogram": {
      "version": "3.4.0",
      "resolved": "https://registry.npmjs.org/@types/wechat-miniprogram/-/wechat-miniprogram-3.4.0.tgz",
      "integrity": "sha512-7d7KDwoV42/ANx/0C8C4ctBv1q9XnXYD4Fz0C+3ii0Tm+HRIwwDcinv8S88Ut/Y80czlI0shGpTgLFe0GbrXWQ=="
    },
    "js-base64": {
      "version": "3.7.2",
      "resolved": "https://registry.npmjs.org/js-base64/-/js-base64-3.7.2.tgz",
      "integrity": "sha512-NnRs6dsyqUXejqk/yv2aiXlAvOs56sLkX6nUdeaNezI5LFFLlsZjOThmwnrcwh5ZZRwZlCMnVAY3CvhIhoVEKQ=="
    },
    "mobx-miniprogram": {
      "version": "4.13.2",
      "resolved": "https://registry.npmjs.org/mobx-miniprogram/-/mobx-miniprogram-4.13.2.tgz",
      "integrity": "sha512-C3HtkqHCLKp35N2gXA80yFD6PNfSqwioPFmnjTQpBLrEqYm1F6yiWZ57CW+8FqgmR306mw6ZfsM5q7hSTHw8BQ=="
    },
    "mobx-miniprogram-bindings": {
      "version": "2.1.4",
      "resolved": "https://registry.npmjs.org/mobx-miniprogram-bindings/-/mobx-miniprogram-bindings-2.1.4.tgz",
      "integrity": "sha512-MX+lK5dvorAH5xTT8R+aKw2TOEGLj3nWAeAL1vTz8j5S64ARqqm3rpm2ESPbjsRSEB7FdqOMa0/6+gQ/juVn0Q==",
      "requires": {
        "@types/wechat-miniprogram": "^3.4.0"
      }
    },
    "tim-upload-plugin": {
      "version": "1.0.3",
      "resolved": "https://registry.npmjs.org/tim-upload-plugin/-/tim-upload-plugin-1.0.3.tgz",
      "integrity": "sha512-cbPhPKI5Q+VP4R8dAlNo0H/KE/zZ89y91Jqz8eIRxNfg2tfGjfNjWilGhlt4eik9R5Dw2Vmc5QyiNKZ6z0r/Fw=="
    },
    "tim-wx-sdk": {
      "version": "2.15.0",
      "resolved": "https://registry.npmjs.org/tim-wx-sdk/-/tim-wx-sdk-2.15.0.tgz",
      "integrity": "sha512-XVLQ+QtvL41y1ppw6bOseYLYUG4e+l7VmAFx+TTsXomSTHiHyWBipUhd8VsI8E0kTy20IIBCMeWkw0ziVD6kEA=="
    }
  }
}
